
Microsoft Visual Studio Solution File, Format Version 12.00
# Visual Studio Version 16
VisualStudioVersion = 16.0.31313.79
MinimumVisualStudioVersion = 10.0.40219.1
Project("{FAE04EC0-301F-11D3-BF4B-00C04F79EFBC}") = "Isaccoop", "Isaccoop.csproj", "{0E821FC1-FF1E-414C-A42B-D37643B452E1}"
EndProject
Project("{FAE04EC0-301F-11D3-BF4B-00C04F79EFBC}") = "Test", "..\Test\Test.csproj", "{FF6F0214-3CD0-4C60-82D8-BAD12ECDDCBE}"
EndProject
Global
	GlobalSection(SolutionConfigurationPlatforms) = preSolution
		Debug|Any CPU = Debug|Any CPU
		Release|Any CPU = Release|Any CPU
	EndGlobalSection
	GlobalSection(ProjectConfigurationPlatforms) = postSolution
		{0E821FC1-FF1E-414C-A42B-D37643B452E1}.Debug|Any CPU.ActiveCfg = Debug|Any CPU
		{0E821FC1-FF1E-414C-A42B-D37643B452E1}.Debug|Any CPU.Build.0 = Debug|Any CPU
		{0E821FC1-FF1E-414C-A42B-D37643B452E1}.Release|Any CPU.ActiveCfg = Release|Any CPU
		{0E821FC1-FF1E-414C-A42B-D37643B452E1}.Release|Any CPU.Build.0 = Release|Any CPU
		{FF6F0214-3CD0-4C60-82D8-BAD12ECDDCBE}.Debug|Any CPU.ActiveCfg = Debug|Any CPU
		{FF6F0214-3CD0-4C60-82D8-BAD12ECDDCBE}.Debug|Any CPU.Build.0 = Debug|Any CPU
		{FF6F0214-3CD0-4C60-82D8-BAD12ECDDCBE}.Release|Any CPU.ActiveCfg = Release|Any CPU
		{FF6F0214-3CD0-4C60-82D8-BAD12ECDDCBE}.Release|Any CPU.Build.0 = Release|Any CPU
	EndGlobalSection
	GlobalSection(SolutionProperties) = preSolution
		HideSolutionNode = FALSE
	EndGlobalSection
	GlobalSection(ExtensibilityGlobals) = postSolution
		SolutionGuid = {DAF808F5-3A6C-478E-8C60-DD8C87806005}
	EndGlobalSection
EndGlobal
