
Microsoft Visual Studio Solution File, Format Version 12.00
# Visual Studio Version 16
VisualStudioVersion = 16.0.31321.278
MinimumVisualStudioVersion = 10.0.40219.1
Project("{9A19103F-16F7-4668-BE54-9A1E7A4F7556}") = "Isaccoop", "Isaccoop.csproj", "{CB0E15F8-FB5D-4AC7-9A20-5281D8EFBCBC}"
EndProject
Project("{FAE04EC0-301F-11D3-BF4B-00C04F79EFBC}") = "Test", "..\Test\Test.csproj", "{238E7771-29FB-460D-B8E5-7D7D1E6F4969}"
EndProject
Global
	GlobalSection(SolutionConfigurationPlatforms) = preSolution
		Debug|Any CPU = Debug|Any CPU
		Release|Any CPU = Release|Any CPU
	EndGlobalSection
	GlobalSection(ProjectConfigurationPlatforms) = postSolution
		{CB0E15F8-FB5D-4AC7-9A20-5281D8EFBCBC}.Debug|Any CPU.ActiveCfg = Debug|Any CPU
		{CB0E15F8-FB5D-4AC7-9A20-5281D8EFBCBC}.Debug|Any CPU.Build.0 = Debug|Any CPU
		{CB0E15F8-FB5D-4AC7-9A20-5281D8EFBCBC}.Release|Any CPU.ActiveCfg = Release|Any CPU
		{CB0E15F8-FB5D-4AC7-9A20-5281D8EFBCBC}.Release|Any CPU.Build.0 = Release|Any CPU
		{238E7771-29FB-460D-B8E5-7D7D1E6F4969}.Debug|Any CPU.ActiveCfg = Debug|Any CPU
		{238E7771-29FB-460D-B8E5-7D7D1E6F4969}.Debug|Any CPU.Build.0 = Debug|Any CPU
		{238E7771-29FB-460D-B8E5-7D7D1E6F4969}.Release|Any CPU.ActiveCfg = Release|Any CPU
		{238E7771-29FB-460D-B8E5-7D7D1E6F4969}.Release|Any CPU.Build.0 = Release|Any CPU
	EndGlobalSection
	GlobalSection(SolutionProperties) = preSolution
		HideSolutionNode = FALSE
	EndGlobalSection
	GlobalSection(ExtensibilityGlobals) = postSolution
		SolutionGuid = {3CB187E0-0B57-4947-89F0-8626F5E735E0}
	EndGlobalSection
EndGlobal
